{
  "name": "SpacedStudying",
  "lockfileVersion": 3,
  "requires": true,
  "packages": {
    "": {
      "dependencies": {
        "ts-fsrs": "^5.0.1"
      }
    },
    "node_modules/ts-fsrs": {
      "version": "5.0.1",
      "resolved": "https://registry.npmjs.org/ts-fsrs/-/ts-fsrs-5.0.1.tgz",
      "integrity": "sha512-Vlp6V0OLpgAv4/+ZmiKKbD3nD8sHKSJz5W7gtpFitTFMqTBt9nz/SOg+kPkhE/BdeMyXaIQEAp/mf7jDnnOUxQ==",
      "license": "MIT",
      "engines": {
        "node": ">=18.0.0"
      }
    }
  }
}
